
Microsoft Visual Studio Solution File, Format Version 12.00
# Visual Studio Version 17
VisualStudioVersion = 17.10.35122.118
MinimumVisualStudioVersion = 10.0.40219.1
Project("{FAE04EC0-301F-11D3-BF4B-00C04F79EFBC}") = "AUTOVALORES", "AUTOVALORES.csproj", "{0270748B-3253-4906-B804-00A58917CF16}"
EndProject
Global
	GlobalSection(SolutionConfigurationPlatforms) = preSolution
		Debug|Any CPU = Debug|Any CPU
		Release|Any CPU = Release|Any CPU
	EndGlobalSection
	GlobalSection(ProjectConfigurationPlatforms) = postSolution
		{0270748B-3253-4906-B804-00A58917CF16}.Debug|Any CPU.ActiveCfg = Debug|Any CPU
		{0270748B-3253-4906-B804-00A58917CF16}.Debug|Any CPU.Build.0 = Debug|Any CPU
		{0270748B-3253-4906-B804-00A58917CF16}.Release|Any CPU.ActiveCfg = Release|Any CPU
		{0270748B-3253-4906-B804-00A58917CF16}.Release|Any CPU.Build.0 = Release|Any CPU
	EndGlobalSection
	GlobalSection(SolutionProperties) = preSolution
		HideSolutionNode = FALSE
	EndGlobalSection
	GlobalSection(ExtensibilityGlobals) = postSolution
		SolutionGuid = {B25F4DFC-9BB1-4D7A-AB28-921CE337354A}
	EndGlobalSection
EndGlobal
